# This file is generated by running "yarn install" inside your project.
# Manual changes might be lost - proceed with caution!

__metadata:
  version: 8
  cacheKey: 10c0

"@esbuild/aix-ppc64@npm:0.25.9":
  version: 0.25.9
  resolution: "@esbuild/aix-ppc64@npm:0.25.9"
  conditions: os=aix & cpu=ppc64
  languageName: node
  linkType: hard

"@esbuild/android-arm64@npm:0.25.9":
  version: 0.25.9
  resolution: "@esbuild/android-arm64@npm:0.25.9"
  conditions: os=android & cpu=arm64
  languageName: node
  linkType: hard

"@esbuild/android-arm@npm:0.25.9":
  version: 0.25.9
  resolution: "@esbuild/android-arm@npm:0.25.9"
  conditions: os=android & cpu=arm
  languageName: node
  linkType: hard

"@esbuild/android-x64@npm:0.25.9":
  version: 0.25.9
  resolution: "@esbuild/android-x64@npm:0.25.9"
  conditions: os=android & cpu=x64
  languageName: node
  linkType: hard

"@esbuild/darwin-arm64@npm:0.25.9":
  version: 0.25.9
  resolution: "@esbuild/darwin-arm64@npm:0.25.9"
  conditions: os=darwin & cpu=arm64
  languageName: node
  linkType: hard

"@esbuild/darwin-x64@npm:0.25.9":
  version: 0.25.9
  resolution: "@esbuild/darwin-x64@npm:0.25.9"
  conditions: os=darwin & cpu=x64
  languageName: node
  linkType: hard

"@esbuild/freebsd-arm64@npm:0.25.9":
  version: 0.25.9
  resolution: "@esbuild/freebsd-arm64@npm:0.25.9"
  conditions: os=freebsd & cpu=arm64
  languageName: node
  linkType: hard

"@esbuild/freebsd-x64@npm:0.25.9":
  version: 0.25.9
  resolution: "@esbuild/freebsd-x64@npm:0.25.9"
  conditions: os=freebsd & cpu=x64
  languageName: node
  linkType: hard

"@esbuild/linux-arm64@npm:0.25.9":
  version: 0.25.9
  resolution: "@esbuild/linux-arm64@npm:0.25.9"
  conditions: os=linux & cpu=arm64
  languageName: node
  linkType: hard

"@esbuild/linux-arm@npm:0.25.9":
  version: 0.25.9
  resolution: "@esbuild/linux-arm@npm:0.25.9"
  conditions: os=linux & cpu=arm
  languageName: node
  linkType: hard

"@esbuild/linux-ia32@npm:0.25.9":
  version: 0.25.9
  resolution: "@esbuild/linux-ia32@npm:0.25.9"
  conditions: os=linux & cpu=ia32
  languageName: node
  linkType: hard

"@esbuild/linux-loong64@npm:0.25.9":
  version: 0.25.9
  resolution: "@esbuild/linux-loong64@npm:0.25.9"
  conditions: os=linux & cpu=loong64
  languageName: node
  linkType: hard

"@esbuild/linux-mips64el@npm:0.25.9":
  version: 0.25.9
  resolution: "@esbuild/linux-mips64el@npm:0.25.9"
  conditions: os=linux & cpu=mips64el
  languageName: node
  linkType: hard

"@esbuild/linux-ppc64@npm:0.25.9":
  version: 0.25.9
  resolution: "@esbuild/linux-ppc64@npm:0.25.9"
  conditions: os=linux & cpu=ppc64
  languageName: node
  linkType: hard

"@esbuild/linux-riscv64@npm:0.25.9":
  version: 0.25.9
  resolution: "@esbuild/linux-riscv64@npm:0.25.9"
  conditions: os=linux & cpu=riscv64
  languageName: node
  linkType: hard

"@esbuild/linux-s390x@npm:0.25.9":
  version: 0.25.9
  resolution: "@esbuild/linux-s390x@npm:0.25.9"
  conditions: os=linux & cpu=s390x
  languageName: node
  linkType: hard

"@esbuild/linux-x64@npm:0.25.9":
  version: 0.25.9
  resolution: "@esbuild/linux-x64@npm:0.25.9"
  conditions: os=linux & cpu=x64
  languageName: node
  linkType: hard

"@esbuild/netbsd-arm64@npm:0.25.9":
  version: 0.25.9
  resolution: "@esbuild/netbsd-arm64@npm:0.25.9"
  conditions: os=netbsd & cpu=arm64
  languageName: node
  linkType: hard

"@esbuild/netbsd-x64@npm:0.25.9":
  version: 0.25.9
  resolution: "@esbuild/netbsd-x64@npm:0.25.9"
  conditions: os=netbsd & cpu=x64
  languageName: node
  linkType: hard

"@esbuild/openbsd-arm64@npm:0.25.9":
  version: 0.25.9
  resolution: "@esbuild/openbsd-arm64@npm:0.25.9"
  conditions: os=openbsd & cpu=arm64
  languageName: node
  linkType: hard

"@esbuild/openbsd-x64@npm:0.25.9":
  version: 0.25.9
  resolution: "@esbuild/openbsd-x64@npm:0.25.9"
  conditions: os=openbsd & cpu=x64
  languageName: node
  linkType: hard

"@esbuild/openharmony-arm64@npm:0.25.9":
  version: 0.25.9
  resolution: "@esbuild/openharmony-arm64@npm:0.25.9"
  conditions: os=openharmony & cpu=arm64
  languageName: node
  linkType: hard

"@esbuild/sunos-x64@npm:0.25.9":
  version: 0.25.9
  resolution: "@esbuild/sunos-x64@npm:0.25.9"
  conditions: os=sunos & cpu=x64
  languageName: node
  linkType: hard

"@esbuild/win32-arm64@npm:0.25.9":
  version: 0.25.9
  resolution: "@esbuild/win32-arm64@npm:0.25.9"
  conditions: os=win32 & cpu=arm64
  languageName: node
  linkType: hard

"@esbuild/win32-ia32@npm:0.25.9":
  version: 0.25.9
  resolution: "@esbuild/win32-ia32@npm:0.25.9"
  conditions: os=win32 & cpu=ia32
  languageName: node
  linkType: hard

"@esbuild/win32-x64@npm:0.25.9":
  version: 0.25.9
  resolution: "@esbuild/win32-x64@npm:0.25.9"
  conditions: os=win32 & cpu=x64
  languageName: node
  linkType: hard

"@isaacs/cliui@npm:^8.0.2":
  version: 8.0.2
  resolution: "@isaacs/cliui@npm:8.0.2"
  dependencies:
    string-width: "npm:^5.1.2"
    string-width-cjs: "npm:string-width@^4.2.0"
    strip-ansi: "npm:^7.0.1"
    strip-ansi-cjs: "npm:strip-ansi@^6.0.1"
    wrap-ansi: "npm:^8.1.0"
    wrap-ansi-cjs: "npm:wrap-ansi@^7.0.0"
  checksum: 10c0/b1bf42535d49f11dc137f18d5e4e63a28c5569de438a221c369483731e9dac9fb797af554e8bf02b6192d1e5eba6e6402cf93900c3d0ac86391d00d04876789e
  languageName: node
  linkType: hard

"@npmcli/agent@npm:^2.0.0":
  version: 2.2.2
  resolution: "@npmcli/agent@npm:2.2.2"
  dependencies:
    agent-base: "npm:^7.1.0"
    http-proxy-agent: "npm:^7.0.0"
    https-proxy-agent: "npm:^7.0.1"
    lru-cache: "npm:^10.0.1"
    socks-proxy-agent: "npm:^8.0.3"
  checksum: 10c0/325e0db7b287d4154ecd164c0815c08007abfb07653cc57bceded17bb7fd240998a3cbdbe87d700e30bef494885eccc725ab73b668020811d56623d145b524ae
  languageName: node
  linkType: hard

"@npmcli/fs@npm:^3.1.0":
  version: 3.1.1
  resolution: "@npmcli/fs@npm:3.1.1"
  dependencies:
    semver: "npm:^7.3.5"
  checksum: 10c0/c37a5b4842bfdece3d14dfdb054f73fe15ed2d3da61b34ff76629fb5b1731647c49166fd2a8bf8b56fcfa51200382385ea8909a3cbecdad612310c114d3f6c99
  languageName: node
  linkType: hard

"@pkgjs/parseargs@npm:^0.11.0":
  version: 0.11.0
  resolution: "@pkgjs/parseargs@npm:0.11.0"
  checksum: 10c0/5bd7576bb1b38a47a7fc7b51ac9f38748e772beebc56200450c4a817d712232b8f1d3ef70532c80840243c657d491cf6a6be1e3a214cff907645819fdc34aadd
  languageName: node
  linkType: hard

"@tests/extras@workspace:projects/extras":
  version: 0.0.0-use.local
  resolution: "@tests/extras@workspace:projects/extras"
  languageName: unknown
  linkType: soft

"@tests/general@workspace:projects/general":
  version: 0.0.0-use.local
  resolution: "@tests/general@workspace:projects/general"
  languageName: unknown
  linkType: soft

"@tests/project-ref@workspace:projects/project-ref":
  version: 0.0.0-use.local
  resolution: "@tests/project-ref@workspace:projects/project-ref"
  languageName: unknown
  linkType: soft

"@tests/specific@workspace:projects/specific":
  version: 0.0.0-use.local
  resolution: "@tests/specific@workspace:projects/specific"
  languageName: unknown
  linkType: soft

"@tsconfig/node22@npm:^22.0.2":
  version: 22.0.2
  resolution: "@tsconfig/node22@npm:22.0.2"
  checksum: 10c0/c75e6b9ea86ec2a384adefac0e2f16a6c08202ae5cf6c8c745944396a6931ffb38e742809491c1882d1868c2af1c33744193701779674bfb1e05f6a130045a18
  languageName: node
  linkType: hard

"@types/node@npm:^24.3.0":
  version: 24.3.0
  resolution: "@types/node@npm:24.3.0"
  dependencies:
    undici-types: "npm:~7.10.0"
  checksum: 10c0/96bdeca01f690338957c2dcc92cb9f76c262c10398f8d91860865464412b0f9d309c24d9b03d0bdd26dd47fa7ee3f8227893d5c89bc2009d919a525a22512030
  languageName: node
  linkType: hard

"@types/ts-expose-internals@npm:ts-expose-internals@^4.9.5":
  version: 4.9.5
  resolution: "ts-expose-internals@npm:4.9.5"
  checksum: 10c0/3f5b24f30c1f31a982f2a93b72de18c70da3e4c26d90afdc9428d00c7eef42d91beac7a0fa564f8af815c044ae26ca6da4d9e3aea21a2f479511397ead4d0c8e
  languageName: node
  linkType: hard

"abbrev@npm:^2.0.0":
  version: 2.0.0
  resolution: "abbrev@npm:2.0.0"
  checksum: 10c0/f742a5a107473946f426c691c08daba61a1d15942616f300b5d32fd735be88fef5cba24201757b6c407fd564555fb48c751cfa33519b2605c8a7aadd22baf372
  languageName: node
  linkType: hard

"agent-base@npm:^7.0.2, agent-base@npm:^7.1.0, agent-base@npm:^7.1.1":
  version: 7.1.1
  resolution: "agent-base@npm:7.1.1"
  dependencies:
    debug: "npm:^4.3.4"
  checksum: 10c0/e59ce7bed9c63bf071a30cc471f2933862044c97fd9958967bfe22521d7a0f601ce4ed5a8c011799d0c726ca70312142ae193bbebb60f576b52be19d4a363b50
  languageName: node
  linkType: hard

"aggregate-error@npm:^3.0.0":
  version: 3.1.0
  resolution: "aggregate-error@npm:3.1.0"
  dependencies:
    clean-stack: "npm:^2.0.0"
    indent-string: "npm:^4.0.0"
  checksum: 10c0/a42f67faa79e3e6687a4923050e7c9807db3848a037076f791d10e092677d65c1d2d863b7848560699f40fc0502c19f40963fb1cd1fb3d338a7423df8e45e039
  languageName: node
  linkType: hard

"ansi-regex@npm:^5.0.1":
  version: 5.0.1
  resolution: "ansi-regex@npm:5.0.1"
  checksum: 10c0/9a64bb8627b434ba9327b60c027742e5d17ac69277960d041898596271d992d4d52ba7267a63ca10232e29f6107fc8a835f6ce8d719b88c5f8493f8254813737
  languageName: node
  linkType: hard

"ansi-regex@npm:^6.0.1":
  version: 6.0.1
  resolution: "ansi-regex@npm:6.0.1"
  checksum: 10c0/cbe16dbd2c6b2735d1df7976a7070dd277326434f0212f43abf6d87674095d247968209babdaad31bb00882fa68807256ba9be340eec2f1004de14ca75f52a08
  languageName: node
  linkType: hard

"ansi-styles@npm:^4.0.0, ansi-styles@npm:^4.1.0":
  version: 4.3.0
  resolution: "ansi-styles@npm:4.3.0"
  dependencies:
    color-convert: "npm:^2.0.1"
  checksum: 10c0/895a23929da416f2bd3de7e9cb4eabd340949328ab85ddd6e484a637d8f6820d485f53933446f5291c3b760cbc488beb8e88573dd0f9c7daf83dccc8fe81b041
  languageName: node
  linkType: hard

"ansi-styles@npm:^6.1.0":
  version: 6.2.1
  resolution: "ansi-styles@npm:6.2.1"
  checksum: 10c0/5d1ec38c123984bcedd996eac680d548f31828bd679a66db2bdf11844634dde55fec3efa9c6bb1d89056a5e79c1ac540c4c784d592ea1d25028a92227d2f2d5c
  languageName: node
  linkType: hard

"balanced-match@npm:^1.0.0":
  version: 1.0.2
  resolution: "balanced-match@npm:1.0.2"
  checksum: 10c0/9308baf0a7e4838a82bbfd11e01b1cb0f0cf2893bc1676c27c2a8c0e70cbae1c59120c3268517a8ae7fb6376b4639ef81ca22582611dbee4ed28df945134aaee
  languageName: node
  linkType: hard

"brace-expansion@npm:^2.0.1":
  version: 2.0.2
  resolution: "brace-expansion@npm:2.0.2"
  dependencies:
    balanced-match: "npm:^1.0.0"
  checksum: 10c0/6d117a4c793488af86b83172deb6af143e94c17bc53b0b3cec259733923b4ca84679d506ac261f4ba3c7ed37c46018e2ff442f9ce453af8643ecd64f4a54e6cf
  languageName: node
  linkType: hard

"cacache@npm:^18.0.0":
  version: 18.0.4
  resolution: "cacache@npm:18.0.4"
  dependencies:
    "@npmcli/fs": "npm:^3.1.0"
    fs-minipass: "npm:^3.0.0"
    glob: "npm:^10.2.2"
    lru-cache: "npm:^10.0.1"
    minipass: "npm:^7.0.3"
    minipass-collect: "npm:^2.0.1"
    minipass-flush: "npm:^1.0.5"
    minipass-pipeline: "npm:^1.2.4"
    p-map: "npm:^4.0.0"
    ssri: "npm:^10.0.0"
    tar: "npm:^6.1.11"
    unique-filename: "npm:^3.0.0"
  checksum: 10c0/6c055bafed9de4f3dcc64ac3dc7dd24e863210902b7c470eb9ce55a806309b3efff78033e3d8b4f7dcc5d467f2db43c6a2857aaaf26f0094b8a351d44c42179f
  languageName: node
  linkType: hard

"chalk@npm:^4.1.2":
  version: 4.1.2
  resolution: "chalk@npm:4.1.2"
  dependencies:
    ansi-styles: "npm:^4.1.0"
    supports-color: "npm:^7.1.0"
  checksum: 10c0/4a3fef5cc34975c898ffe77141450f679721df9dde00f6c304353fa9c8b571929123b26a0e4617bde5018977eb655b31970c297b91b63ee83bb82aeb04666880
  languageName: node
  linkType: hard

"chownr@npm:^2.0.0":
  version: 2.0.0
  resolution: "chownr@npm:2.0.0"
  checksum: 10c0/594754e1303672171cc04e50f6c398ae16128eb134a88f801bf5354fd96f205320f23536a045d9abd8b51024a149696e51231565891d4efdab8846021ecf88e6
  languageName: node
  linkType: hard

"clean-stack@npm:^2.0.0":
  version: 2.2.0
  resolution: "clean-stack@npm:2.2.0"
  checksum: 10c0/1f90262d5f6230a17e27d0c190b09d47ebe7efdd76a03b5a1127863f7b3c9aec4c3e6c8bb3a7bbf81d553d56a1fd35728f5a8ef4c63f867ac8d690109742a8c1
  languageName: node
  linkType: hard

"color-convert@npm:^2.0.1":
  version: 2.0.1
  resolution: "color-convert@npm:2.0.1"
  dependencies:
    color-name: "npm:~1.1.4"
  checksum: 10c0/37e1150172f2e311fe1b2df62c6293a342ee7380da7b9cfdba67ea539909afbd74da27033208d01d6d5cfc65ee7868a22e18d7e7648e004425441c0f8a15a7d7
  languageName: node
  linkType: hard

"color-name@npm:~1.1.4":
  version: 1.1.4
  resolution: "color-name@npm:1.1.4"
  checksum: 10c0/a1a3f914156960902f46f7f56bc62effc6c94e84b2cae157a526b1c1f74b677a47ec602bf68a61abfa2b42d15b7c5651c6dbe72a43af720bc588dff885b10f95
  languageName: node
  linkType: hard

"cross-spawn@npm:^7.0.0":
  version: 7.0.6
  resolution: "cross-spawn@npm:7.0.6"
  dependencies:
    path-key: "npm:^3.1.0"
    shebang-command: "npm:^2.0.0"
    which: "npm:^2.0.1"
  checksum: 10c0/053ea8b2135caff68a9e81470e845613e374e7309a47731e81639de3eaeb90c3d01af0e0b44d2ab9d50b43467223b88567dfeb3262db942dc063b9976718ffc1
  languageName: node
  linkType: hard

"debug@npm:4, debug@npm:^4.3.4":
  version: 4.3.6
  resolution: "debug@npm:4.3.6"
  dependencies:
    ms: "npm:2.1.2"
  peerDependenciesMeta:
    supports-color:
      optional: true
  checksum: 10c0/3293416bff072389c101697d4611c402a6bacd1900ac20c0492f61a9cdd6b3b29750fc7f5e299f8058469ef60ff8fb79b86395a30374fbd2490113c1c7112285
  languageName: node
  linkType: hard

"eastasianwidth@npm:^0.2.0":
  version: 0.2.0
  resolution: "eastasianwidth@npm:0.2.0"
  checksum: 10c0/26f364ebcdb6395f95124fda411f63137a4bfb5d3a06453f7f23dfe52502905bd84e0488172e0f9ec295fdc45f05c23d5d91baf16bd26f0fe9acd777a188dc39
  languageName: node
  linkType: hard

"emoji-regex@npm:^8.0.0":
  version: 8.0.0
  resolution: "emoji-regex@npm:8.0.0"
  checksum: 10c0/b6053ad39951c4cf338f9092d7bfba448cdfd46fe6a2a034700b149ac9ffbc137e361cbd3c442297f86bed2e5f7576c1b54cc0a6bf8ef5106cc62f496af35010
  languageName: node
  linkType: hard

"emoji-regex@npm:^9.2.2":
  version: 9.2.2
  resolution: "emoji-regex@npm:9.2.2"
  checksum: 10c0/af014e759a72064cf66e6e694a7fc6b0ed3d8db680427b021a89727689671cefe9d04151b2cad51dbaf85d5ba790d061cd167f1cf32eb7b281f6368b3c181639
  languageName: node
  linkType: hard

"encoding@npm:^0.1.13":
  version: 0.1.13
  resolution: "encoding@npm:0.1.13"
  dependencies:
    iconv-lite: "npm:^0.6.2"
  checksum: 10c0/36d938712ff00fe1f4bac88b43bcffb5930c1efa57bbcdca9d67e1d9d6c57cfb1200fb01efe0f3109b2ce99b231f90779532814a81370a1bd3274a0f58585039
  languageName: node
  linkType: hard

"env-paths@npm:^2.2.0":
  version: 2.2.1
  resolution: "env-paths@npm:2.2.1"
  checksum: 10c0/285325677bf00e30845e330eec32894f5105529db97496ee3f598478e50f008c5352a41a30e5e72ec9de8a542b5a570b85699cd63bd2bc646dbcb9f311d83bc4
  languageName: node
  linkType: hard

"err-code@npm:^2.0.2":
  version: 2.0.3
  resolution: "err-code@npm:2.0.3"
  checksum: 10c0/b642f7b4dd4a376e954947550a3065a9ece6733ab8e51ad80db727aaae0817c2e99b02a97a3d6cecc648a97848305e728289cf312d09af395403a90c9d4d8a66
  languageName: node
  linkType: hard

"esbuild@npm:~0.25.0":
  version: 0.25.9
  resolution: "esbuild@npm:0.25.9"
  dependencies:
    "@esbuild/aix-ppc64": "npm:0.25.9"
    "@esbuild/android-arm": "npm:0.25.9"
    "@esbuild/android-arm64": "npm:0.25.9"
    "@esbuild/android-x64": "npm:0.25.9"
    "@esbuild/darwin-arm64": "npm:0.25.9"
    "@esbuild/darwin-x64": "npm:0.25.9"
    "@esbuild/freebsd-arm64": "npm:0.25.9"
    "@esbuild/freebsd-x64": "npm:0.25.9"
    "@esbuild/linux-arm": "npm:0.25.9"
    "@esbuild/linux-arm64": "npm:0.25.9"
    "@esbuild/linux-ia32": "npm:0.25.9"
    "@esbuild/linux-loong64": "npm:0.25.9"
    "@esbuild/linux-mips64el": "npm:0.25.9"
    "@esbuild/linux-ppc64": "npm:0.25.9"
    "@esbuild/linux-riscv64": "npm:0.25.9"
    "@esbuild/linux-s390x": "npm:0.25.9"
    "@esbuild/linux-x64": "npm:0.25.9"
    "@esbuild/netbsd-arm64": "npm:0.25.9"
    "@esbuild/netbsd-x64": "npm:0.25.9"
    "@esbuild/openbsd-arm64": "npm:0.25.9"
    "@esbuild/openbsd-x64": "npm:0.25.9"
    "@esbuild/openharmony-arm64": "npm:0.25.9"
    "@esbuild/sunos-x64": "npm:0.25.9"
    "@esbuild/win32-arm64": "npm:0.25.9"
    "@esbuild/win32-ia32": "npm:0.25.9"
    "@esbuild/win32-x64": "npm:0.25.9"
  dependenciesMeta:
    "@esbuild/aix-ppc64":
      optional: true
    "@esbuild/android-arm":
      optional: true
    "@esbuild/android-arm64":
      optional: true
    "@esbuild/android-x64":
      optional: true
    "@esbuild/darwin-arm64":
      optional: true
    "@esbuild/darwin-x64":
      optional: true
    "@esbuild/freebsd-arm64":
      optional: true
    "@esbuild/freebsd-x64":
      optional: true
    "@esbuild/linux-arm":
      optional: true
    "@esbuild/linux-arm64":
      optional: true
    "@esbuild/linux-ia32":
      optional: true
    "@esbuild/linux-loong64":
      optional: true
    "@esbuild/linux-mips64el":
      optional: true
    "@esbuild/linux-ppc64":
      optional: true
    "@esbuild/linux-riscv64":
      optional: true
    "@esbuild/linux-s390x":
      optional: true
    "@esbuild/linux-x64":
      optional: true
    "@esbuild/netbsd-arm64":
      optional: true
    "@esbuild/netbsd-x64":
      optional: true
    "@esbuild/openbsd-arm64":
      optional: true
    "@esbuild/openbsd-x64":
      optional: true
    "@esbuild/openharmony-arm64":
      optional: true
    "@esbuild/sunos-x64":
      optional: true
    "@esbuild/win32-arm64":
      optional: true
    "@esbuild/win32-ia32":
      optional: true
    "@esbuild/win32-x64":
      optional: true
  bin:
    esbuild: bin/esbuild
  checksum: 10c0/aaa1284c75fcf45c82f9a1a117fe8dc5c45628e3386bda7d64916ae27730910b51c5aec7dd45a6ba19256be30ba2935e64a8f011a3f0539833071e06bf76d5b3
  languageName: node
  linkType: hard

"escape-string-regexp@npm:^5.0.0":
  version: 5.0.0
  resolution: "escape-string-regexp@npm:5.0.0"
  checksum: 10c0/6366f474c6f37a802800a435232395e04e9885919873e382b157ab7e8f0feb8fed71497f84a6f6a81a49aab41815522f5839112bd38026d203aea0c91622df95
  languageName: node
  linkType: hard

"exponential-backoff@npm:^3.1.1":
  version: 3.1.1
  resolution: "exponential-backoff@npm:3.1.1"
  checksum: 10c0/160456d2d647e6019640bd07111634d8c353038d9fa40176afb7cd49b0548bdae83b56d05e907c2cce2300b81cae35d800ef92fefb9d0208e190fa3b7d6bb579
  languageName: node
  linkType: hard

"foreground-child@npm:^3.1.0":
  version: 3.2.1
  resolution: "foreground-child@npm:3.2.1"
  dependencies:
    cross-spawn: "npm:^7.0.0"
    signal-exit: "npm:^4.0.1"
  checksum: 10c0/9a53a33dbd87090e9576bef65fb4a71de60f6863a8062a7b11bc1cbe3cc86d428677d7c0b9ef61cdac11007ac580006f78bd5638618d564cfd5e6fd713d6878f
  languageName: node
  linkType: hard

"fs-minipass@npm:^2.0.0":
  version: 2.1.0
  resolution: "fs-minipass@npm:2.1.0"
  dependencies:
    minipass: "npm:^3.0.0"
  checksum: 10c0/703d16522b8282d7299337539c3ed6edddd1afe82435e4f5b76e34a79cd74e488a8a0e26a636afc2440e1a23b03878e2122e3a2cfe375a5cf63c37d92b86a004
  languageName: node
  linkType: hard

"fs-minipass@npm:^3.0.0":
  version: 3.0.3
  resolution: "fs-minipass@npm:3.0.3"
  dependencies:
    minipass: "npm:^7.0.3"
  checksum: 10c0/63e80da2ff9b621e2cb1596abcb9207f1cf82b968b116ccd7b959e3323144cce7fb141462200971c38bbf2ecca51695069db45265705bed09a7cd93ae5b89f94
  languageName: node
  linkType: hard

"fsevents@npm:~2.3.3":
  version: 2.3.3
  resolution: "fsevents@npm:2.3.3"
  dependencies:
    node-gyp: "npm:latest"
  checksum: 10c0/a1f0c44595123ed717febbc478aa952e47adfc28e2092be66b8ab1635147254ca6cfe1df792a8997f22716d4cbafc73309899ff7bfac2ac3ad8cf2e4ecc3ec60
  conditions: os=darwin
  languageName: node
  linkType: hard

"fsevents@patch:fsevents@npm%3A~2.3.3#optional!builtin<compat/fsevents>":
  version: 2.3.3
  resolution: "fsevents@patch:fsevents@npm%3A2.3.3#optional!builtin<compat/fsevents>::version=2.3.3&hash=df0bf1"
  dependencies:
    node-gyp: "npm:latest"
  conditions: os=darwin
  languageName: node
  linkType: hard

"function-bind@npm:^1.1.2":
  version: 1.1.2
  resolution: "function-bind@npm:1.1.2"
  checksum: 10c0/d8680ee1e5fcd4c197e4ac33b2b4dce03c71f4d91717292785703db200f5c21f977c568d28061226f9b5900cbcd2c84463646134fd5337e7925e0942bc3f46d5
  languageName: node
  linkType: hard

"get-tsconfig@npm:^4.7.5":
  version: 4.10.1
  resolution: "get-tsconfig@npm:4.10.1"
  dependencies:
    resolve-pkg-maps: "npm:^1.0.0"
  checksum: 10c0/7f8e3dabc6a49b747920a800fb88e1952fef871cdf51b79e98db48275a5de6cdaf499c55ee67df5fa6fe7ce65f0063e26de0f2e53049b408c585aa74d39ffa21
  languageName: node
  linkType: hard

"glob@npm:^10.2.2, glob@npm:^10.3.10":
  version: 10.4.5
  resolution: "glob@npm:10.4.5"
  dependencies:
    foreground-child: "npm:^3.1.0"
    jackspeak: "npm:^3.1.2"
    minimatch: "npm:^9.0.4"
    minipass: "npm:^7.1.2"
    package-json-from-dist: "npm:^1.0.0"
    path-scurry: "npm:^1.11.1"
  bin:
    glob: dist/esm/bin.mjs
  checksum: 10c0/19a9759ea77b8e3ca0a43c2f07ecddc2ad46216b786bb8f993c445aee80d345925a21e5280c7b7c6c59e860a0154b84e4b2b60321fea92cd3c56b4a7489f160e
  languageName: node
  linkType: hard

"global-prefix@npm:^4.0.0":
  version: 4.0.0
  resolution: "global-prefix@npm:4.0.0"
  dependencies:
    ini: "npm:^4.1.3"
    kind-of: "npm:^6.0.3"
    which: "npm:^4.0.0"
  checksum: 10c0/a757bba494f0542a34e82716450506a076e769e05993a9739aea3bf27c3f710cd5635d0f4c1c242650c0dc133bf20a8e8fc9cfd3d1d1c371717218ef561f1ac4
  languageName: node
  linkType: hard

"graceful-fs@npm:^4.2.6":
  version: 4.2.11
  resolution: "graceful-fs@npm:4.2.11"
  checksum: 10c0/386d011a553e02bc594ac2ca0bd6d9e4c22d7fa8cfbfc448a6d148c59ea881b092db9dbe3547ae4b88e55f1b01f7c4a2ecc53b310c042793e63aa44cf6c257f2
  languageName: node
  linkType: hard

"has-flag@npm:^4.0.0":
  version: 4.0.0
  resolution: "has-flag@npm:4.0.0"
  checksum: 10c0/2e789c61b7888d66993e14e8331449e525ef42aac53c627cc53d1c3334e768bcb6abdc4f5f0de1478a25beec6f0bd62c7549058b7ac53e924040d4f301f02fd1
  languageName: node
  linkType: hard

"hasown@npm:^2.0.2":
  version: 2.0.2
  resolution: "hasown@npm:2.0.2"
  dependencies:
    function-bind: "npm:^1.1.2"
  checksum: 10c0/3769d434703b8ac66b209a4cca0737519925bbdb61dd887f93a16372b14694c63ff4e797686d87c90f08168e81082248b9b028bad60d4da9e0d1148766f56eb9
  languageName: node
  linkType: hard

"http-cache-semantics@npm:^4.1.1":
  version: 4.1.1
  resolution: "http-cache-semantics@npm:4.1.1"
  checksum: 10c0/ce1319b8a382eb3cbb4a37c19f6bfe14e5bb5be3d09079e885e8c513ab2d3cd9214902f8a31c9dc4e37022633ceabfc2d697405deeaf1b8f3552bb4ed996fdfc
  languageName: node
  linkType: hard

"http-proxy-agent@npm:^7.0.0":
  version: 7.0.2
  resolution: "http-proxy-agent@npm:7.0.2"
  dependencies:
    agent-base: "npm:^7.1.0"
    debug: "npm:^4.3.4"
  checksum: 10c0/4207b06a4580fb85dd6dff521f0abf6db517489e70863dca1a0291daa7f2d3d2d6015a57bd702af068ea5cf9f1f6ff72314f5f5b4228d299c0904135d2aef921
  languageName: node
  linkType: hard

"https-proxy-agent@npm:^7.0.1":
  version: 7.0.5
  resolution: "https-proxy-agent@npm:7.0.5"
  dependencies:
    agent-base: "npm:^7.0.2"
    debug: "npm:4"
  checksum: 10c0/2490e3acec397abeb88807db52cac59102d5ed758feee6df6112ab3ccd8325e8a1ce8bce6f4b66e5470eca102d31e425ace904242e4fa28dbe0c59c4bafa7b2c
  languageName: node
  linkType: hard

"iconv-lite@npm:^0.6.2":
  version: 0.6.3
  resolution: "iconv-lite@npm:0.6.3"
  dependencies:
    safer-buffer: "npm:>= 2.1.2 < 3.0.0"
  checksum: 10c0/98102bc66b33fcf5ac044099d1257ba0b7ad5e3ccd3221f34dd508ab4070edff183276221684e1e0555b145fce0850c9f7d2b60a9fcac50fbb4ea0d6e845a3b1
  languageName: node
  linkType: hard

"imurmurhash@npm:^0.1.4":
  version: 0.1.4
  resolution: "imurmurhash@npm:0.1.4"
  checksum: 10c0/8b51313850dd33605c6c9d3fd9638b714f4c4c40250cff658209f30d40da60f78992fb2df5dabee4acf589a6a82bbc79ad5486550754bd9ec4e3fc0d4a57d6a6
  languageName: node
  linkType: hard

"indent-string@npm:^4.0.0":
  version: 4.0.0
  resolution: "indent-string@npm:4.0.0"
  checksum: 10c0/1e1904ddb0cb3d6cce7cd09e27a90184908b7a5d5c21b92e232c93579d314f0b83c246ffb035493d0504b1e9147ba2c9b21df0030f48673fba0496ecd698161f
  languageName: node
  linkType: hard

"ini@npm:^4.1.3":
  version: 4.1.3
  resolution: "ini@npm:4.1.3"
  checksum: 10c0/0d27eff094d5f3899dd7c00d0c04ea733ca03a8eb6f9406ce15daac1a81de022cb417d6eaff7e4342451ffa663389c565ffc68d6825eaf686bf003280b945764
  languageName: node
  linkType: hard

"ip-address@npm:^9.0.5":
  version: 9.0.5
  resolution: "ip-address@npm:9.0.5"
  dependencies:
    jsbn: "npm:1.1.0"
    sprintf-js: "npm:^1.1.3"
  checksum: 10c0/331cd07fafcb3b24100613e4b53e1a2b4feab11e671e655d46dc09ee233da5011284d09ca40c4ecbdfe1d0004f462958675c224a804259f2f78d2465a87824bc
  languageName: node
  linkType: hard

"is-core-module@npm:^2.13.0":
  version: 2.15.0
  resolution: "is-core-module@npm:2.15.0"
  dependencies:
    hasown: "npm:^2.0.2"
  checksum: 10c0/da161f3d9906f459486da65609b2f1a2dfdc60887c689c234d04e88a062cb7920fa5be5fb7ab08dc43b732929653c4135ef05bf77888ae2a9040ce76815eb7b1
  languageName: node
  linkType: hard

"is-fullwidth-code-point@npm:^3.0.0":
  version: 3.0.0
  resolution: "is-fullwidth-code-point@npm:3.0.0"
  checksum: 10c0/bb11d825e049f38e04c06373a8d72782eee0205bda9d908cc550ccb3c59b99d750ff9537982e01733c1c94a58e35400661f57042158ff5e8f3e90cf936daf0fc
  languageName: node
  linkType: hard

"is-lambda@npm:^1.0.1":
  version: 1.0.1
  resolution: "is-lambda@npm:1.0.1"
  checksum: 10c0/85fee098ae62ba6f1e24cf22678805473c7afd0fb3978a3aa260e354cb7bcb3a5806cf0a98403188465efedec41ab4348e8e4e79305d409601323855b3839d4d
  languageName: node
  linkType: hard

"isexe@npm:^2.0.0":
  version: 2.0.0
  resolution: "isexe@npm:2.0.0"
  checksum: 10c0/228cfa503fadc2c31596ab06ed6aa82c9976eec2bfd83397e7eaf06d0ccf42cd1dfd6743bf9aeb01aebd4156d009994c5f76ea898d2832c1fe342da923ca457d
  languageName: node
  linkType: hard

"isexe@npm:^3.1.1":
  version: 3.1.1
  resolution: "isexe@npm:3.1.1"
  checksum: 10c0/9ec257654093443eb0a528a9c8cbba9c0ca7616ccb40abd6dde7202734d96bb86e4ac0d764f0f8cd965856aacbff2f4ce23e730dc19dfb41e3b0d865ca6fdcc7
  languageName: node
  linkType: hard

"jackspeak@npm:^3.1.2":
  version: 3.4.3
  resolution: "jackspeak@npm:3.4.3"
  dependencies:
    "@isaacs/cliui": "npm:^8.0.2"
    "@pkgjs/parseargs": "npm:^0.11.0"
  dependenciesMeta:
    "@pkgjs/parseargs":
      optional: true
  checksum: 10c0/6acc10d139eaefdbe04d2f679e6191b3abf073f111edf10b1de5302c97ec93fffeb2fdd8681ed17f16268aa9dd4f8c588ed9d1d3bffbbfa6e8bf897cbb3149b9
  languageName: node
  linkType: hard

"jsbn@npm:1.1.0":
  version: 1.1.0
  resolution: "jsbn@npm:1.1.0"
  checksum: 10c0/4f907fb78d7b712e11dea8c165fe0921f81a657d3443dde75359ed52eb2b5d33ce6773d97985a089f09a65edd80b11cb75c767b57ba47391fee4c969f7215c96
  languageName: node
  linkType: hard

"kind-of@npm:^6.0.3":
  version: 6.0.3
  resolution: "kind-of@npm:6.0.3"
  checksum: 10c0/61cdff9623dabf3568b6445e93e31376bee1cdb93f8ba7033d86022c2a9b1791a1d9510e026e6465ebd701a6dd2f7b0808483ad8838341ac52f003f512e0b4c4
  languageName: node
  linkType: hard

"lru-cache@npm:^10.0.1, lru-cache@npm:^10.2.0":
  version: 10.4.3
  resolution: "lru-cache@npm:10.4.3"
  checksum: 10c0/ebd04fbca961e6c1d6c0af3799adcc966a1babe798f685bb84e6599266599cd95d94630b10262f5424539bc4640107e8a33aa28585374abf561d30d16f4b39fb
  languageName: node
  linkType: hard

"make-fetch-happen@npm:^13.0.0":
  version: 13.0.1
  resolution: "make-fetch-happen@npm:13.0.1"
  dependencies:
    "@npmcli/agent": "npm:^2.0.0"
    cacache: "npm:^18.0.0"
    http-cache-semantics: "npm:^4.1.1"
    is-lambda: "npm:^1.0.1"
    minipass: "npm:^7.0.2"
    minipass-fetch: "npm:^3.0.0"
    minipass-flush: "npm:^1.0.5"
    minipass-pipeline: "npm:^1.2.4"
    negotiator: "npm:^0.6.3"
    proc-log: "npm:^4.2.0"
    promise-retry: "npm:^2.0.1"
    ssri: "npm:^10.0.0"
  checksum: 10c0/df5f4dbb6d98153b751bccf4dc4cc500de85a96a9331db9805596c46aa9f99d9555983954e6c1266d9f981ae37a9e4647f42b9a4bb5466f867f4012e582c9e7e
  languageName: node
  linkType: hard

"minimatch@npm:^9.0.4, minimatch@npm:^9.0.5":
  version: 9.0.5
  resolution: "minimatch@npm:9.0.5"
  dependencies:
    brace-expansion: "npm:^2.0.1"
  checksum: 10c0/de96cf5e35bdf0eab3e2c853522f98ffbe9a36c37797778d2665231ec1f20a9447a7e567cb640901f89e4daaa95ae5d70c65a9e8aa2bb0019b6facbc3c0575ed
  languageName: node
  linkType: hard

"minimist@npm:^1.2.8":
  version: 1.2.8
  resolution: "minimist@npm:1.2.8"
  checksum: 10c0/19d3fcdca050087b84c2029841a093691a91259a47def2f18222f41e7645a0b7c44ef4b40e88a1e58a40c84d2ef0ee6047c55594d298146d0eb3f6b737c20ce6
  languageName: node
  linkType: hard

"minipass-collect@npm:^2.0.1":
  version: 2.0.1
  resolution: "minipass-collect@npm:2.0.1"
  dependencies:
    minipass: "npm:^7.0.3"
  checksum: 10c0/5167e73f62bb74cc5019594709c77e6a742051a647fe9499abf03c71dca75515b7959d67a764bdc4f8b361cf897fbf25e2d9869ee039203ed45240f48b9aa06e
  languageName: node
  linkType: hard

"minipass-fetch@npm:^3.0.0":
  version: 3.0.5
  resolution: "minipass-fetch@npm:3.0.5"
  dependencies:
    encoding: "npm:^0.1.13"
    minipass: "npm:^7.0.3"
    minipass-sized: "npm:^1.0.3"
    minizlib: "npm:^2.1.2"
  dependenciesMeta:
    encoding:
      optional: true
  checksum: 10c0/9d702d57f556274286fdd97e406fc38a2f5c8d15e158b498d7393b1105974b21249289ec571fa2b51e038a4872bfc82710111cf75fae98c662f3d6f95e72152b
  languageName: node
  linkType: hard

"minipass-flush@npm:^1.0.5":
  version: 1.0.5
  resolution: "minipass-flush@npm:1.0.5"
  dependencies:
    minipass: "npm:^3.0.0"
  checksum: 10c0/2a51b63feb799d2bb34669205eee7c0eaf9dce01883261a5b77410c9408aa447e478efd191b4de6fc1101e796ff5892f8443ef20d9544385819093dbb32d36bd
  languageName: node
  linkType: hard

"minipass-pipeline@npm:^1.2.4":
  version: 1.2.4
  resolution: "minipass-pipeline@npm:1.2.4"
  dependencies:
    minipass: "npm:^3.0.0"
  checksum: 10c0/cbda57cea20b140b797505dc2cac71581a70b3247b84480c1fed5ca5ba46c25ecc25f68bfc9e6dcb1a6e9017dab5c7ada5eab73ad4f0a49d84e35093e0c643f2
  languageName: node
  linkType: hard

"minipass-sized@npm:^1.0.3":
  version: 1.0.3
  resolution: "minipass-sized@npm:1.0.3"
  dependencies:
    minipass: "npm:^3.0.0"
  checksum: 10c0/298f124753efdc745cfe0f2bdfdd81ba25b9f4e753ca4a2066eb17c821f25d48acea607dfc997633ee5bf7b6dfffb4eee4f2051eb168663f0b99fad2fa4829cb
  languageName: node
  linkType: hard

"minipass@npm:^3.0.0":
  version: 3.3.6
  resolution: "minipass@npm:3.3.6"
  dependencies:
    yallist: "npm:^4.0.0"
  checksum: 10c0/a114746943afa1dbbca8249e706d1d38b85ed1298b530f5808ce51f8e9e941962e2a5ad2e00eae7dd21d8a4aae6586a66d4216d1a259385e9d0358f0c1eba16c
  languageName: node
  linkType: hard

"minipass@npm:^5.0.0":
  version: 5.0.0
  resolution: "minipass@npm:5.0.0"
  checksum: 10c0/a91d8043f691796a8ac88df039da19933ef0f633e3d7f0d35dcd5373af49131cf2399bfc355f41515dc495e3990369c3858cd319e5c2722b4753c90bf3152462
  languageName: node
  linkType: hard

"minipass@npm:^5.0.0 || ^6.0.2 || ^7.0.0, minipass@npm:^7.0.2, minipass@npm:^7.0.3, minipass@npm:^7.1.2":
  version: 7.1.2
  resolution: "minipass@npm:7.1.2"
  checksum: 10c0/b0fd20bb9fb56e5fa9a8bfac539e8915ae07430a619e4b86ff71f5fc757ef3924b23b2c4230393af1eda647ed3d75739e4e0acb250a6b1eb277cf7f8fe449557
  languageName: node
  linkType: hard

"minizlib@npm:^2.1.1, minizlib@npm:^2.1.2":
  version: 2.1.2
  resolution: "minizlib@npm:2.1.2"
  dependencies:
    minipass: "npm:^3.0.0"
    yallist: "npm:^4.0.0"
  checksum: 10c0/64fae024e1a7d0346a1102bb670085b17b7f95bf6cfdf5b128772ec8faf9ea211464ea4add406a3a6384a7d87a0cd1a96263692134323477b4fb43659a6cab78
  languageName: node
  linkType: hard

"mkdirp@npm:^1.0.3":
  version: 1.0.4
  resolution: "mkdirp@npm:1.0.4"
  bin:
    mkdirp: bin/cmd.js
  checksum: 10c0/46ea0f3ffa8bc6a5bc0c7081ffc3907777f0ed6516888d40a518c5111f8366d97d2678911ad1a6882bf592fa9de6c784fea32e1687bb94e1f4944170af48a5cf
  languageName: node
  linkType: hard

"ms@npm:2.1.2":
  version: 2.1.2
  resolution: "ms@npm:2.1.2"
  checksum: 10c0/a437714e2f90dbf881b5191d35a6db792efbca5badf112f87b9e1c712aace4b4b9b742dd6537f3edf90fd6f684de897cec230abde57e87883766712ddda297cc
  languageName: node
  linkType: hard

"negotiator@npm:^0.6.3":
  version: 0.6.3
  resolution: "negotiator@npm:0.6.3"
  checksum: 10c0/3ec9fd413e7bf071c937ae60d572bc67155262068ed522cf4b3be5edbe6ddf67d095ec03a3a14ebf8fc8e95f8e1d61be4869db0dbb0de696f6b837358bd43fc2
  languageName: node
  linkType: hard

"node-gyp@npm:latest":
  version: 10.2.0
  resolution: "node-gyp@npm:10.2.0"
  dependencies:
    env-paths: "npm:^2.2.0"
    exponential-backoff: "npm:^3.1.1"
    glob: "npm:^10.3.10"
    graceful-fs: "npm:^4.2.6"
    make-fetch-happen: "npm:^13.0.0"
    nopt: "npm:^7.0.0"
    proc-log: "npm:^4.1.0"
    semver: "npm:^7.3.5"
    tar: "npm:^6.2.1"
    which: "npm:^4.0.0"
  bin:
    node-gyp: bin/node-gyp.js
  checksum: 10c0/00630d67dbd09a45aee0a5d55c05e3916ca9e6d427ee4f7bc392d2d3dc5fad7449b21fc098dd38260a53d9dcc9c879b36704a1994235d4707e7271af7e9a835b
  languageName: node
  linkType: hard

"nopt@npm:^7.0.0":
  version: 7.2.1
  resolution: "nopt@npm:7.2.1"
  dependencies:
    abbrev: "npm:^2.0.0"
  bin:
    nopt: bin/nopt.js
  checksum: 10c0/a069c7c736767121242037a22a788863accfa932ab285a1eb569eb8cd534b09d17206f68c37f096ae785647435e0c5a5a0a67b42ec743e481a455e5ae6a6df81
  languageName: node
  linkType: hard

"p-map@npm:^4.0.0":
  version: 4.0.0
  resolution: "p-map@npm:4.0.0"
  dependencies:
    aggregate-error: "npm:^3.0.0"
  checksum: 10c0/592c05bd6262c466ce269ff172bb8de7c6975afca9b50c975135b974e9bdaafbfe80e61aaaf5be6d1200ba08b30ead04b88cfa7e25ff1e3b93ab28c9f62a2c75
  languageName: node
  linkType: hard

"package-json-from-dist@npm:^1.0.0":
  version: 1.0.0
  resolution: "package-json-from-dist@npm:1.0.0"
  checksum: 10c0/e3ffaf6ac1040ab6082a658230c041ad14e72fabe99076a2081bb1d5d41210f11872403fc09082daf4387fc0baa6577f96c9c0e94c90c394fd57794b66aa4033
  languageName: node
  linkType: hard

"path-key@npm:^3.1.0":
  version: 3.1.1
  resolution: "path-key@npm:3.1.1"
  checksum: 10c0/748c43efd5a569c039d7a00a03b58eecd1d75f3999f5a28303d75f521288df4823bc057d8784eb72358b2895a05f29a070bc9f1f17d28226cc4e62494cc58c4c
  languageName: node
  linkType: hard

"path-parse@npm:^1.0.7":
  version: 1.0.7
  resolution: "path-parse@npm:1.0.7"
  checksum: 10c0/11ce261f9d294cc7a58d6a574b7f1b935842355ec66fba3c3fd79e0f036462eaf07d0aa95bb74ff432f9afef97ce1926c720988c6a7451d8a584930ae7de86e1
  languageName: node
  linkType: hard

"path-scurry@npm:^1.11.1":
  version: 1.11.1
  resolution: "path-scurry@npm:1.11.1"
  dependencies:
    lru-cache: "npm:^10.2.0"
    minipass: "npm:^5.0.0 || ^6.0.2 || ^7.0.0"
  checksum: 10c0/32a13711a2a505616ae1cc1b5076801e453e7aae6ac40ab55b388bb91b9d0547a52f5aaceff710ea400205f18691120d4431e520afbe4266b836fadede15872d
  languageName: node
  linkType: hard

"proc-log@npm:^4.1.0, proc-log@npm:^4.2.0":
  version: 4.2.0
  resolution: "proc-log@npm:4.2.0"
  checksum: 10c0/17db4757c2a5c44c1e545170e6c70a26f7de58feb985091fb1763f5081cab3d01b181fb2dd240c9f4a4255a1d9227d163d5771b7e69c9e49a561692db865efb9
  languageName: node
  linkType: hard

"promise-retry@npm:^2.0.1":
  version: 2.0.1
  resolution: "promise-retry@npm:2.0.1"
  dependencies:
    err-code: "npm:^2.0.2"
    retry: "npm:^0.12.0"
  checksum: 10c0/9c7045a1a2928094b5b9b15336dcd2a7b1c052f674550df63cc3f36cd44028e5080448175b6f6ca32b642de81150f5e7b1a98b728f15cb069f2dd60ac2616b96
  languageName: node
  linkType: hard

"resolve-pkg-maps@npm:^1.0.0":
  version: 1.0.0
  resolution: "resolve-pkg-maps@npm:1.0.0"
  checksum: 10c0/fb8f7bbe2ca281a73b7ef423a1cbc786fb244bd7a95cbe5c3fba25b27d327150beca8ba02f622baea65919a57e061eb5005204daa5f93ed590d9b77463a567ab
  languageName: node
  linkType: hard

"resolve@npm:^1.22.2":
  version: 1.22.8
  resolution: "resolve@npm:1.22.8"
  dependencies:
    is-core-module: "npm:^2.13.0"
    path-parse: "npm:^1.0.7"
    supports-preserve-symlinks-flag: "npm:^1.0.0"
  bin:
    resolve: bin/resolve
  checksum: 10c0/07e179f4375e1fd072cfb72ad66d78547f86e6196c4014b31cb0b8bb1db5f7ca871f922d08da0fbc05b94e9fd42206f819648fa3b5b873ebbc8e1dc68fec433a
  languageName: node
  linkType: hard

"resolve@patch:resolve@npm%3A^1.22.2#optional!builtin<compat/resolve>":
  version: 1.22.8
  resolution: "resolve@patch:resolve@npm%3A1.22.8#optional!builtin<compat/resolve>::version=1.22.8&hash=c3c19d"
  dependencies:
    is-core-module: "npm:^2.13.0"
    path-parse: "npm:^1.0.7"
    supports-preserve-symlinks-flag: "npm:^1.0.0"
  bin:
    resolve: bin/resolve
  checksum: 10c0/0446f024439cd2e50c6c8fa8ba77eaa8370b4180f401a96abf3d1ebc770ac51c1955e12764cde449fde3fff480a61f84388e3505ecdbab778f4bef5f8212c729
  languageName: node
  linkType: hard

"retry@npm:^0.12.0":
  version: 0.12.0
  resolution: "retry@npm:0.12.0"
  checksum: 10c0/59933e8501727ba13ad73ef4a04d5280b3717fd650408460c987392efe9d7be2040778ed8ebe933c5cbd63da3dcc37919c141ef8af0a54a6e4fca5a2af177bfe
  languageName: node
  linkType: hard

"root-workspace-0b6124@workspace:.":
  version: 0.0.0-use.local
  resolution: "root-workspace-0b6124@workspace:."
  dependencies:
    "@tsconfig/node22": "npm:^22.0.2"
    "@types/node": "npm:^24.3.0"
    "@types/ts-expose-internals": "npm:ts-expose-internals@^4.9.5"
    escape-string-regexp: "npm:^5.0.0"
    ts-patch: "npm:^3.3.0"
    tsx: "npm:^4.20.4"
    typescript: "npm:^5.9.3"
    typescript-transform-paths: "portal:../"
  languageName: unknown
  linkType: soft

"safer-buffer@npm:>= 2.1.2 < 3.0.0":
  version: 2.1.2
  resolution: "safer-buffer@npm:2.1.2"
  checksum: 10c0/7e3c8b2e88a1841c9671094bbaeebd94448111dd90a81a1f606f3f67708a6ec57763b3b47f06da09fc6054193e0e6709e77325415dc8422b04497a8070fa02d4
  languageName: node
  linkType: hard

"semver@npm:^7.3.5, semver@npm:^7.6.3":
  version: 7.6.3
  resolution: "semver@npm:7.6.3"
  bin:
    semver: bin/semver.js
  checksum: 10c0/88f33e148b210c153873cb08cfe1e281d518aaa9a666d4d148add6560db5cd3c582f3a08ccb91f38d5f379ead256da9931234ed122057f40bb5766e65e58adaf
  languageName: node
  linkType: hard

"shebang-command@npm:^2.0.0":
  version: 2.0.0
  resolution: "shebang-command@npm:2.0.0"
  dependencies:
    shebang-regex: "npm:^3.0.0"
  checksum: 10c0/a41692e7d89a553ef21d324a5cceb5f686d1f3c040759c50aab69688634688c5c327f26f3ecf7001ebfd78c01f3c7c0a11a7c8bfd0a8bc9f6240d4f40b224e4e
  languageName: node
  linkType: hard

"shebang-regex@npm:^3.0.0":
  version: 3.0.0
  resolution: "shebang-regex@npm:3.0.0"
  checksum: 10c0/1dbed0726dd0e1152a92696c76c7f06084eb32a90f0528d11acd764043aacf76994b2fb30aa1291a21bd019d6699164d048286309a278855ee7bec06cf6fb690
  languageName: node
  linkType: hard

"signal-exit@npm:^4.0.1":
  version: 4.1.0
  resolution: "signal-exit@npm:4.1.0"
  checksum: 10c0/41602dce540e46d599edba9d9860193398d135f7ff72cab629db5171516cfae628d21e7bfccde1bbfdf11c48726bc2a6d1a8fb8701125852fbfda7cf19c6aa83
  languageName: node
  linkType: hard

"smart-buffer@npm:^4.2.0":
  version: 4.2.0
  resolution: "smart-buffer@npm:4.2.0"
  checksum: 10c0/a16775323e1404dd43fabafe7460be13a471e021637bc7889468eb45ce6a6b207261f454e4e530a19500cc962c4cc5348583520843b363f4193cee5c00e1e539
  languageName: node
  linkType: hard

"socks-proxy-agent@npm:^8.0.3":
  version: 8.0.4
  resolution: "socks-proxy-agent@npm:8.0.4"
  dependencies:
    agent-base: "npm:^7.1.1"
    debug: "npm:^4.3.4"
    socks: "npm:^2.8.3"
  checksum: 10c0/345593bb21b95b0508e63e703c84da11549f0a2657d6b4e3ee3612c312cb3a907eac10e53b23ede3557c6601d63252103494caa306b66560f43af7b98f53957a
  languageName: node
  linkType: hard

"socks@npm:^2.8.3":
  version: 2.8.3
  resolution: "socks@npm:2.8.3"
  dependencies:
    ip-address: "npm:^9.0.5"
    smart-buffer: "npm:^4.2.0"
  checksum: 10c0/d54a52bf9325165770b674a67241143a3d8b4e4c8884560c4e0e078aace2a728dffc7f70150660f51b85797c4e1a3b82f9b7aa25e0a0ceae1a243365da5c51a7
  languageName: node
  linkType: hard

"sprintf-js@npm:^1.1.3":
  version: 1.1.3
  resolution: "sprintf-js@npm:1.1.3"
  checksum: 10c0/09270dc4f30d479e666aee820eacd9e464215cdff53848b443964202bf4051490538e5dd1b42e1a65cf7296916ca17640aebf63dae9812749c7542ee5f288dec
  languageName: node
  linkType: hard

"ssri@npm:^10.0.0":
  version: 10.0.6
  resolution: "ssri@npm:10.0.6"
  dependencies:
    minipass: "npm:^7.0.3"
  checksum: 10c0/e5a1e23a4057a86a97971465418f22ea89bd439ac36ade88812dd920e4e61873e8abd6a9b72a03a67ef50faa00a2daf1ab745c5a15b46d03e0544a0296354227
  languageName: node
  linkType: hard

"string-width-cjs@npm:string-width@^4.2.0, string-width@npm:^4.1.0":
  version: 4.2.3
  resolution: "string-width@npm:4.2.3"
  dependencies:
    emoji-regex: "npm:^8.0.0"
    is-fullwidth-code-point: "npm:^3.0.0"
    strip-ansi: "npm:^6.0.1"
  checksum: 10c0/1e525e92e5eae0afd7454086eed9c818ee84374bb80328fc41217ae72ff5f065ef1c9d7f72da41de40c75fa8bb3dee63d92373fd492c84260a552c636392a47b
  languageName: node
  linkType: hard

"string-width@npm:^5.0.1, string-width@npm:^5.1.2":
  version: 5.1.2
  resolution: "string-width@npm:5.1.2"
  dependencies:
    eastasianwidth: "npm:^0.2.0"
    emoji-regex: "npm:^9.2.2"
    strip-ansi: "npm:^7.0.1"
  checksum: 10c0/ab9c4264443d35b8b923cbdd513a089a60de339216d3b0ed3be3ba57d6880e1a192b70ae17225f764d7adbf5994e9bb8df253a944736c15a0240eff553c678ca
  languageName: node
  linkType: hard

"strip-ansi-cjs@npm:strip-ansi@^6.0.1, strip-ansi@npm:^6.0.0, strip-ansi@npm:^6.0.1":
  version: 6.0.1
  resolution: "strip-ansi@npm:6.0.1"
  dependencies:
    ansi-regex: "npm:^5.0.1"
  checksum: 10c0/1ae5f212a126fe5b167707f716942490e3933085a5ff6c008ab97ab2f272c8025d3aa218b7bd6ab25729ca20cc81cddb252102f8751e13482a5199e873680952
  languageName: node
  linkType: hard

"strip-ansi@npm:^7.0.1":
  version: 7.1.0
  resolution: "strip-ansi@npm:7.1.0"
  dependencies:
    ansi-regex: "npm:^6.0.1"
  checksum: 10c0/a198c3762e8832505328cbf9e8c8381de14a4fa50a4f9b2160138158ea88c0f5549fb50cb13c651c3088f47e63a108b34622ec18c0499b6c8c3a5ddf6b305ac4
  languageName: node
  linkType: hard

"supports-color@npm:^7.1.0":
  version: 7.2.0
  resolution: "supports-color@npm:7.2.0"
  dependencies:
    has-flag: "npm:^4.0.0"
  checksum: 10c0/afb4c88521b8b136b5f5f95160c98dee7243dc79d5432db7efc27efb219385bbc7d9427398e43dd6cc730a0f87d5085ce1652af7efbe391327bc0a7d0f7fc124
  languageName: node
  linkType: hard

"supports-preserve-symlinks-flag@npm:^1.0.0":
  version: 1.0.0
  resolution: "supports-preserve-symlinks-flag@npm:1.0.0"
  checksum: 10c0/6c4032340701a9950865f7ae8ef38578d8d7053f5e10518076e6554a9381fa91bd9c6850193695c141f32b21f979c985db07265a758867bac95de05f7d8aeb39
  languageName: node
  linkType: hard

"tar@npm:^6.1.11, tar@npm:^6.2.1":
  version: 6.2.1
  resolution: "tar@npm:6.2.1"
  dependencies:
    chownr: "npm:^2.0.0"
    fs-minipass: "npm:^2.0.0"
    minipass: "npm:^5.0.0"
    minizlib: "npm:^2.1.1"
    mkdirp: "npm:^1.0.3"
    yallist: "npm:^4.0.0"
  checksum: 10c0/a5eca3eb50bc11552d453488344e6507156b9193efd7635e98e867fab275d527af53d8866e2370cd09dfe74378a18111622ace35af6a608e5223a7d27fe99537
  languageName: node
  linkType: hard

"ts-patch@npm:^3.3.0":
  version: 3.3.0
  resolution: "ts-patch@npm:3.3.0"
  dependencies:
    chalk: "npm:^4.1.2"
    global-prefix: "npm:^4.0.0"
    minimist: "npm:^1.2.8"
    resolve: "npm:^1.22.2"
    semver: "npm:^7.6.3"
    strip-ansi: "npm:^6.0.1"
  bin:
    ts-patch: bin/ts-patch.js
    tspc: bin/tspc.js
  checksum: 10c0/41abfa08ea70755f44f39c32b8906479cddf66f163ea37bdd8b543dcda548ec6cc3d7b6f53371161fbfaa9ff48e4fbb0d5839f46f425f7058f7710253e607c20
  languageName: node
  linkType: hard

"tsx@npm:^4.20.4":
  version: 4.20.4
  resolution: "tsx@npm:4.20.4"
  dependencies:
    esbuild: "npm:~0.25.0"
    fsevents: "npm:~2.3.3"
    get-tsconfig: "npm:^4.7.5"
  dependenciesMeta:
    fsevents:
      optional: true
  bin:
    tsx: dist/cli.mjs
  checksum: 10c0/2deb24b0c689031962901f29fc3411bc9a3753780e9a39b8bf0233dba7fc59dc8f9732f6ebbfe16f498fc27b6adf1eeecfa46360d1161081aafffaaa26371998
  languageName: node
  linkType: hard

"typescript-transform-paths@portal:../::locator=root-workspace-0b6124%40workspace%3A.":
  version: 0.0.0-use.local
  resolution: "typescript-transform-paths@portal:../::locator=root-workspace-0b6124%40workspace%3A."
  dependencies:
    minimatch: "npm:^9.0.5"
  peerDependencies:
    typescript: ">=5"
  peerDependenciesMeta:
    ts-node:
      optional: true
  languageName: node
  linkType: soft

"typescript@npm:^5.9.3":
  version: 5.9.3
  resolution: "typescript@npm:5.9.3"
  bin:
    tsc: bin/tsc
    tsserver: bin/tsserver
  checksum: 10c0/6bd7552ce39f97e711db5aa048f6f9995b53f1c52f7d8667c1abdc1700c68a76a308f579cd309ce6b53646deb4e9a1be7c813a93baaf0a28ccd536a30270e1c5
  languageName: node
  linkType: hard

"typescript@patch:typescript@npm%3A^5.9.3#optional!builtin<compat/typescript>":
  version: 5.9.3
  resolution: "typescript@patch:typescript@npm%3A5.9.3#optional!builtin<compat/typescript>::version=5.9.3&hash=5786d5"
  bin:
    tsc: bin/tsc
    tsserver: bin/tsserver
  checksum: 10c0/ad09fdf7a756814dce65bc60c1657b40d44451346858eea230e10f2e95a289d9183b6e32e5c11e95acc0ccc214b4f36289dcad4bf1886b0adb84d711d336a430
  languageName: node
  linkType: hard

"undici-types@npm:~7.10.0":
  version: 7.10.0
  resolution: "undici-types@npm:7.10.0"
  checksum: 10c0/8b00ce50e235fe3cc601307f148b5e8fb427092ee3b23e8118ec0a5d7f68eca8cee468c8fc9f15cbb2cf2a3797945ebceb1cbd9732306a1d00e0a9b6afa0f635
  languageName: node
  linkType: hard

"unique-filename@npm:^3.0.0":
  version: 3.0.0
  resolution: "unique-filename@npm:3.0.0"
  dependencies:
    unique-slug: "npm:^4.0.0"
  checksum: 10c0/6363e40b2fa758eb5ec5e21b3c7fb83e5da8dcfbd866cc0c199d5534c42f03b9ea9ab069769cc388e1d7ab93b4eeef28ef506ab5f18d910ef29617715101884f
  languageName: node
  linkType: hard

"unique-slug@npm:^4.0.0":
  version: 4.0.0
  resolution: "unique-slug@npm:4.0.0"
  dependencies:
    imurmurhash: "npm:^0.1.4"
  checksum: 10c0/cb811d9d54eb5821b81b18205750be84cb015c20a4a44280794e915f5a0a70223ce39066781a354e872df3572e8155c228f43ff0cce94c7cbf4da2cc7cbdd635
  languageName: node
  linkType: hard

"which@npm:^2.0.1":
  version: 2.0.2
  resolution: "which@npm:2.0.2"
  dependencies:
    isexe: "npm:^2.0.0"
  bin:
    node-which: ./bin/node-which
  checksum: 10c0/66522872a768b60c2a65a57e8ad184e5372f5b6a9ca6d5f033d4b0dc98aff63995655a7503b9c0a2598936f532120e81dd8cc155e2e92ed662a2b9377cc4374f
  languageName: node
  linkType: hard

"which@npm:^4.0.0":
  version: 4.0.0
  resolution: "which@npm:4.0.0"
  dependencies:
    isexe: "npm:^3.1.1"
  bin:
    node-which: bin/which.js
  checksum: 10c0/449fa5c44ed120ccecfe18c433296a4978a7583bf2391c50abce13f76878d2476defde04d0f79db8165bdf432853c1f8389d0485ca6e8ebce3bbcded513d5e6a
  languageName: node
  linkType: hard

"wrap-ansi-cjs@npm:wrap-ansi@^7.0.0":
  version: 7.0.0
  resolution: "wrap-ansi@npm:7.0.0"
  dependencies:
    ansi-styles: "npm:^4.0.0"
    string-width: "npm:^4.1.0"
    strip-ansi: "npm:^6.0.0"
  checksum: 10c0/d15fc12c11e4cbc4044a552129ebc75ee3f57aa9c1958373a4db0292d72282f54373b536103987a4a7594db1ef6a4f10acf92978f79b98c49306a4b58c77d4da
  languageName: node
  linkType: hard

"wrap-ansi@npm:^8.1.0":
  version: 8.1.0
  resolution: "wrap-ansi@npm:8.1.0"
  dependencies:
    ansi-styles: "npm:^6.1.0"
    string-width: "npm:^5.0.1"
    strip-ansi: "npm:^7.0.1"
  checksum: 10c0/138ff58a41d2f877eae87e3282c0630fc2789012fc1af4d6bd626eeb9a2f9a65ca92005e6e69a75c7b85a68479fe7443c7dbe1eb8fbaa681a4491364b7c55c60
  languageName: node
  linkType: hard

"yallist@npm:^4.0.0":
  version: 4.0.0
  resolution: "yallist@npm:4.0.0"
  checksum: 10c0/2286b5e8dbfe22204ab66e2ef5cc9bbb1e55dfc873bbe0d568aa943eb255d131890dfd5bf243637273d31119b870f49c18fcde2c6ffbb7a7a092b870dc90625a
  languageName: node
  linkType: hard
