{
  "name": "test",
  "version": "0.0.0",
  "lockfileVersion": 1,
  "requires": true,
  "dependencies": {
    "ts-expose-internals": {
      "version": "3.9.7-patch",
      "resolved": "https://registry.npmjs.org/ts-expose-internals/-/ts-expose-internals-3.9.7-patch.tgz",
      "integrity": "sha512-OFvVX9r2TzhkZBd+NHPGNKDX7O5YGJiYwtKqdXAEoqUBK3BZ0VWryLk7duhGq+pyncVbc58Q/thc7mI7RtGMrA==",
      "dev": true
    }
  }
}
